
Microsoft Visual Studio Solution File, Format Version 12.00
# Visual Studio Version 17
VisualStudioVersion = 17.5.33424.131
MinimumVisualStudioVersion = 10.0.40219.1
Project("{9A19103F-16F7-4668-BE54-9A1E7A4F7556}") = "Proyecto1SpecialTicket", "Proyecto1SpecialTicket\Proyecto1SpecialTicket.csproj", "{98EE2462-70BA-47DA-9173-DC26451EB4F5}"
EndProject
Project("{9A19103F-16F7-4668-BE54-9A1E7A4F7556}") = "Proyecto1SpecialTicket.Models", "Proyecto1SpecialTicket.Models\Proyecto1SpecialTicket.Models.csproj", "{0B653CD6-74E4-4975-A19A-329962779039}"
EndProject
Project("{9A19103F-16F7-4668-BE54-9A1E7A4F7556}") = "Proyecto1SpecialTicket.DAL", "Proyecto1SpecialTicket.DAL\Proyecto1SpecialTicket.DAL.csproj", "{A8DFFE9C-998F-4666-927F-C27F5EFC2B1D}"
EndProject
Project("{9A19103F-16F7-4668-BE54-9A1E7A4F7556}") = "Proyecto1SpecialTicket.BLL", "Proyecto1SpecialTicket.PLL\Proyecto1SpecialTicket.BLL.csproj", "{E1BC5763-89B2-4AC9-AC1C-0A1799F7F929}"
EndProject
Global
	GlobalSection(SolutionConfigurationPlatforms) = preSolution
		Debug|Any CPU = Debug|Any CPU
		Release|Any CPU = Release|Any CPU
	EndGlobalSection
	GlobalSection(ProjectConfigurationPlatforms) = postSolution
		{98EE2462-70BA-47DA-9173-DC26451EB4F5}.Debug|Any CPU.ActiveCfg = Debug|Any CPU
		{98EE2462-70BA-47DA-9173-DC26451EB4F5}.Debug|Any CPU.Build.0 = Debug|Any CPU
		{98EE2462-70BA-47DA-9173-DC26451EB4F5}.Release|Any CPU.ActiveCfg = Release|Any CPU
		{98EE2462-70BA-47DA-9173-DC26451EB4F5}.Release|Any CPU.Build.0 = Release|Any CPU
		{0B653CD6-74E4-4975-A19A-329962779039}.Debug|Any CPU.ActiveCfg = Debug|Any CPU
		{0B653CD6-74E4-4975-A19A-329962779039}.Debug|Any CPU.Build.0 = Debug|Any CPU
		{0B653CD6-74E4-4975-A19A-329962779039}.Release|Any CPU.ActiveCfg = Release|Any CPU
		{0B653CD6-74E4-4975-A19A-329962779039}.Release|Any CPU.Build.0 = Release|Any CPU
		{A8DFFE9C-998F-4666-927F-C27F5EFC2B1D}.Debug|Any CPU.ActiveCfg = Debug|Any CPU
		{A8DFFE9C-998F-4666-927F-C27F5EFC2B1D}.Debug|Any CPU.Build.0 = Debug|Any CPU
		{A8DFFE9C-998F-4666-927F-C27F5EFC2B1D}.Release|Any CPU.ActiveCfg = Release|Any CPU
		{A8DFFE9C-998F-4666-927F-C27F5EFC2B1D}.Release|Any CPU.Build.0 = Release|Any CPU
		{E1BC5763-89B2-4AC9-AC1C-0A1799F7F929}.Debug|Any CPU.ActiveCfg = Debug|Any CPU
		{E1BC5763-89B2-4AC9-AC1C-0A1799F7F929}.Debug|Any CPU.Build.0 = Debug|Any CPU
		{E1BC5763-89B2-4AC9-AC1C-0A1799F7F929}.Release|Any CPU.ActiveCfg = Release|Any CPU
		{E1BC5763-89B2-4AC9-AC1C-0A1799F7F929}.Release|Any CPU.Build.0 = Release|Any CPU
	EndGlobalSection
	GlobalSection(SolutionProperties) = preSolution
		HideSolutionNode = FALSE
	EndGlobalSection
	GlobalSection(ExtensibilityGlobals) = postSolution
		SolutionGuid = {0F9CF32B-41C8-4C2A-84FE-DA392037B607}
	EndGlobalSection
EndGlobal
